
Microsoft Visual Studio Solution File, Format Version 12.00
# Visual Studio Version 17
VisualStudioVersion = 17.4.33213.308
MinimumVisualStudioVersion = 10.0.40219.1
Project("{F184B08F-C81C-45F6-A57F-5ABD9991F28F}") = "Mod1Ejer2_DeclararYUsarEnumerado", "Mod1Ejer2_DeclararYUsarEnumerado\Mod1Ejer2_DeclararYUsarEnumerado.vbproj", "{1C1237BD-7128-432C-8364-434B6A347730}"
EndProject
Global
	GlobalSection(SolutionConfigurationPlatforms) = preSolution
		Debug|Any CPU = Debug|Any CPU
		Release|Any CPU = Release|Any CPU
	EndGlobalSection
	GlobalSection(ProjectConfigurationPlatforms) = postSolution
		{1C1237BD-7128-432C-8364-434B6A347730}.Debug|Any CPU.ActiveCfg = Debug|Any CPU
		{1C1237BD-7128-432C-8364-434B6A347730}.Debug|Any CPU.Build.0 = Debug|Any CPU
		{1C1237BD-7128-432C-8364-434B6A347730}.Release|Any CPU.ActiveCfg = Release|Any CPU
		{1C1237BD-7128-432C-8364-434B6A347730}.Release|Any CPU.Build.0 = Release|Any CPU
	EndGlobalSection
	GlobalSection(SolutionProperties) = preSolution
		HideSolutionNode = FALSE
	EndGlobalSection
	GlobalSection(ExtensibilityGlobals) = postSolution
		SolutionGuid = {8E3BC616-28D3-41F8-AD46-398D697C5D2B}
	EndGlobalSection
EndGlobal
